
Microsoft Visual Studio Solution File, Format Version 12.00
Project("{2150E333-8FDC-42A3-9474-1A3956D46DE8}") = "src", "src", "{472DD3EC-FD3C-4C4D-8D11-EA90890927CD}"
EndProject
Project("{FAE04EC0-301F-11D3-BF4B-00C04F79EFBC}") = "WebApi", "WebApi\WebApi.csproj", "{68C789C3-2993-4526-A32D-DB35FCD27FD2}"
EndProject
Project("{2150E333-8FDC-42A3-9474-1A3956D46DE8}") = "build", "build", "{27C43197-66BE-46E4-B192-493E91FC5157}"
	ProjectSection(SolutionItems) = preProject
		docker-compose.yaml = docker-compose.yaml
	EndProjectSection
EndProject
Global
	GlobalSection(SolutionConfigurationPlatforms) = preSolution
		Debug|Any CPU = Debug|Any CPU
		Release|Any CPU = Release|Any CPU
	EndGlobalSection
	GlobalSection(ProjectConfigurationPlatforms) = postSolution
		{68C789C3-2993-4526-A32D-DB35FCD27FD2}.Debug|Any CPU.ActiveCfg = Debug|Any CPU
		{68C789C3-2993-4526-A32D-DB35FCD27FD2}.Debug|Any CPU.Build.0 = Debug|Any CPU
		{68C789C3-2993-4526-A32D-DB35FCD27FD2}.Release|Any CPU.ActiveCfg = Release|Any CPU
		{68C789C3-2993-4526-A32D-DB35FCD27FD2}.Release|Any CPU.Build.0 = Release|Any CPU
	EndGlobalSection
	GlobalSection(NestedProjects) = preSolution
		{68C789C3-2993-4526-A32D-DB35FCD27FD2} = {472DD3EC-FD3C-4C4D-8D11-EA90890927CD}
	EndGlobalSection
EndGlobal
